
Microsoft Visual Studio Solution File, Format Version 12.00
# Visual Studio 15
VisualStudioVersion = 15.0.26730.12
MinimumVisualStudioVersion = 10.0.40219.1
Project("{FAE04EC0-301F-11D3-BF4B-00C04F79EFBC}") = "App", "App\App.csproj", "{0390E828-597D-4CBD-93A6-E6D5492A56EC}"
EndProject
Project("{2150E333-8FDC-42A3-9474-1A3956D46DE8}") = "Solution Items", "Solution Items", "{C74374E4-4C82-48EF-AB9A-4B6ABA14349C}"
	ProjectSection(SolutionItems) = preProject
		.gitignore = .gitignore
		LICENSE = LICENSE
		README.md = README.md
	EndProjectSection
EndProject
Global
	GlobalSection(SolutionConfigurationPlatforms) = preSolution
		Debug|Any CPU = Debug|Any CPU
		Debug|x64 = Debug|x64
		Debug|x86 = Debug|x86
		Release|Any CPU = Release|Any CPU
		Release|x64 = Release|x64
		Release|x86 = Release|x86
	EndGlobalSection
	GlobalSection(ProjectConfigurationPlatforms) = postSolution
		{0390E828-597D-4CBD-93A6-E6D5492A56EC}.Debug|Any CPU.ActiveCfg = Debug|Any CPU
		{0390E828-597D-4CBD-93A6-E6D5492A56EC}.Debug|Any CPU.Build.0 = Debug|Any CPU
		{0390E828-597D-4CBD-93A6-E6D5492A56EC}.Debug|x64.ActiveCfg = Debug|Any CPU
		{0390E828-597D-4CBD-93A6-E6D5492A56EC}.Debug|x64.Build.0 = Debug|Any CPU
		{0390E828-597D-4CBD-93A6-E6D5492A56EC}.Debug|x86.ActiveCfg = Debug|Any CPU
		{0390E828-597D-4CBD-93A6-E6D5492A56EC}.Debug|x86.Build.0 = Debug|Any CPU
		{0390E828-597D-4CBD-93A6-E6D5492A56EC}.Release|Any CPU.ActiveCfg = Release|Any CPU
		{0390E828-597D-4CBD-93A6-E6D5492A56EC}.Release|Any CPU.Build.0 = Release|Any CPU
		{0390E828-597D-4CBD-93A6-E6D5492A56EC}.Release|x64.ActiveCfg = Release|Any CPU
		{0390E828-597D-4CBD-93A6-E6D5492A56EC}.Release|x64.Build.0 = Release|Any CPU
		{0390E828-597D-4CBD-93A6-E6D5492A56EC}.Release|x86.ActiveCfg = Release|Any CPU
		{0390E828-597D-4CBD-93A6-E6D5492A56EC}.Release|x86.Build.0 = Release|Any CPU
	EndGlobalSection
	GlobalSection(SolutionProperties) = preSolution
		HideSolutionNode = FALSE
	EndGlobalSection
	GlobalSection(ExtensibilityGlobals) = postSolution
		SolutionGuid = {D673EE50-F176-4939-BC75-53E28F1EA63E}
	EndGlobalSection
EndGlobal
